{
  "name": "next-todo-app",
  "version": "0.1.0",
  "lockfileVersion": 3,
  "requires": true,
  "packages": {
    "": {
      "name": "next-todo-app",
      "version": "0.1.0",
      "dependencies": {
        "next": "14.2.5",
        "react": "18.2.0",
        "react-dom": "18.2.0",
        "reflect-metadata": "0.2.2",
        "sqlite3": "5.1.6",
        "tailwindcss": "3.4.0",
        "typeorm": "0.3.20"
      },
      "devDependencies": {
        "@types/node": "20.11.24",
        "@types/react": "18.2.61",
        "@types/react-dom": "18.2.19",
        "@types/sqlite3": "3.1.8",
        "autoprefixer": "10.4.16",
        "postcss": "8.4.33",
        "typescript": "5.4.5"
      }
    },
    "node_modules/@next/env": {
      "version": "14.2.5",
      "resolved": "https://registry.npmjs.org/@next/env/-/env-14.2.5.tgz",
      "integrity": "sha512-V4nM4A6QKaB3KriWaH0sGMLlR/p+JhP5m2Jm6YVhY5kMfeEdvWeHWSy4M2PqIbhPmI6KvC6S4A1Oe9O8j5K5Zw==",
      "dev": true
    },
    "node_modules/@types/node": {
      "version": "20.11.24",
      "resolved": "https://registry.npmjs.org/@types/node/-/node-20.11.24.tgz",
      "integrity": "sha512-K5mJa24xzeYEid0kly6S/MZSO9se15QHjwd7n2uKtwZ7x/hyawmKJFfQ8WmGAhRL+6mNpOe+ly3ApjzWmMacIQ==",
      "dev": true,
      "dependencies": {
        "undici-types": "~5.26.4"
      }
    },
    "node_modules/@types/react": {
      "version": "18.2.61",
      "resolved": "https://registry.npmjs.org/@types/react/-/react-18.2.61.tgz",
      "integrity": "sha512-1N/y9qRcSOkvcxq5iNkfAJB9eM9K2AZC3n1f5EIP6KQrLdgqLSH0QH8g7ANpd4N5LyZRTK1Rghs5+ZQaSMqWAA==",
      "dev": true,
      "dependencies": {
        "csstype": "^3.0.2"
      }
    },
    "node_modules/@types/react-dom": {
      "version": "18.2.19",
      "resolved": "https://registry.npmjs.org/@types/react-dom/-/react-dom-18.2.19.tgz",
      "integrity": "sha512-8QxW9f3cYMsq36HcTSP4hL8aPJnxkhB6nFNNMGvN0pDVpzzFwYtPBwXkQiNTm8fNpFQXLk7GHLI7mOJHpOqk8g==",
      "dev": true,
      "dependencies": {
        "@types/react": "*"
      }
    },
    "node_modules/@types/sqlite3": {
      "version": "3.1.8",
      "resolved": "https://registry.npmjs.org/@types/sqlite3/-/sqlite3-3.1.8.tgz",
      "integrity": "sha512-41QbQzQmQKEbJWwg6IqkKX2jWYbNdx/bo7jK9r9WnQK9nA7rKKCWm8fLq7UvXeHWjO6+ZXCpGGhWt7uhYpRT9w==",
      "dev": true,
      "dependencies": {
        "@types/node": "*"
      }
    },
    "node_modules/autoprefixer": {
      "version": "10.4.16",
      "resolved": "https://registry.npmjs.org/autoprefixer/-/autoprefixer-10.4.16.tgz",
      "integrity": "sha512-7q5SH1Pnbw2PCxK7ytp4lw7fQYg7zEUOW3MGx2YBq+K3cSfGfF8IShPFc0pXrJxLUNNahYDRfRrNYlNHTtOHXQ==",
      "dev": true,
      "funding": [
        {
          "type": "opencollective",
          "url": "https://opencollective.com/postcss"
        },
        {
          "type": "tidelift",
          "url": "https://tidelift.com/funding/github/npm/autoprefixer"
        }
      ],
      "peerDependencies": {
        "postcss": "^8.1.0"
      }
    },
    "node_modules/csstype": {
      "version": "3.1.2",
      "resolved": "https://registry.npmjs.org/csstype/-/csstype-3.1.2.tgz",
      "integrity": "sha512-I7K1Uu0MBPzaFKg4nI5Q7Vs2t+3gWWW648spaF+Rg7pI9ds18Ugn+lvg4SHczUdKlHI5LWBXyqfS8+DufyBsgQ==",
      "dev": true
    },
    "node_modules/next": {
      "version": "14.2.5",
      "resolved": "https://registry.npmjs.org/next/-/next-14.2.5.tgz",
      "integrity": "sha512-V4nM4A6QKaB3KriWaH0sGMLlR/p+JhP5m2Jm6YVhY5kMfeEdvWeHWSy4M2PqIbhPmI6KvC6S4A1Oe9O8j5K5Zw==",
      "dependencies": {
        "@next/env": "14.2.5",
        "caniuse-lite": "^1.0.30001605",
        "postcss": "^8.4.35",
        "react": "18.2.0",
        "react-dom": "18.2.0",
        "styled-jsx": "5.1.1"
      },
      "bin": {
        "next": "dist/bin/next"
      },
      "engines": {
        "node": ">=18.17.0"
      }
    },
    "node_modules/postcss": {
      "version": "8.4.33",
      "resolved": "https://registry.npmjs.org/postcss/-/postcss-8.4.33.tgz",
      "integrity": "sha512-Kkpbhhdjw2qQXJbL1J6E5Qckhu5kyvVeWV2/uw/qrZjC12aVCBzHvH9spi4LvCxf2p3OPYqkQK8aYrb6vq9AdA==",
      "dev": true,
      "funding": [
        {
          "type": "opencollective",
          "url": "https://opencollective.com/postcss"
        },
        {
          "type": "tidelift",
          "url": "https://tidelift.com/funding/github/npm/postcss"
        }
      ],
      "peerDependencies": {
        "picocolors": "^1.0.0",
        "source-map-js": "^1.0.2"
      }
    },
    "node_modules/react": {
      "version": "18.2.0",
      "resolved": "https://registry.npmjs.org/react/-/react-18.2.0.tgz",
      "integrity": "sha512-/3IjMdb2L9QbBdWiW5e3P2/npwMBaU9mHCSCUzNln0ZCYbcfTsGbTJrU/kGemdH2IWmB2ioZ+zkxtmq6g09fGQ==",
      "dependencies": {
        "loose-envify": "^1.1.0"
      },
      "engines": {
        "node": ">=0.10.0"
      }
    },
    "node_modules/react-dom": {
      "version": "18.2.0",
      "resolved": "https://registry.npmjs.org/react-dom/-/react-dom-18.2.0.tgz",
      "integrity": "sha512-6IMTriUmvsjHUjNtEDudMfu/+PKVzTLl6a9N2zKf+E5OH8t7lB1F7e1k3uP+u4q9rOhdN1w9Q4Ywmq2lJ6Xnw==",
      "dependencies": {
        "loose-envify": "^1.1.0",
        "scheduler": "^0.23.0"
      },
      "peerDependencies": {
        "react": "^18.2.0"
      }
    },
    "node_modules/reflect-metadata": {
      "version": "0.2.2",
      "resolved": "https://registry.npmjs.org/reflect-metadata/-/reflect-metadata-0.2.2.tgz",
      "integrity": "sha512-urBwgfrvVP/eAyXx4hluJivBKzuEbSQs9rKWCrCkbSxNv8mxPcUZKeuoF3Uy4mJl3Lwprp6yy5LgVUiw+4a7aw=="
    },
    "node_modules/sqlite3": {
      "version": "5.1.6",
      "resolved": "https://registry.npmjs.org/sqlite3/-/sqlite3-5.1.6.tgz",
      "integrity": "sha512-/4pBGNPOqBMPcFrjH7LHa7k3nZetV6fXe/FHL7qH7ZRVZcXx7nXy+6ucvZz/ndozAGsgP5o/tLJ7ndkCwAAAAA==",
      "hasInstallScript": true,
      "dependencies": {
        "node-addon-api": "^7.0.0",
        "node-gyp": "^9.0.0",
        "node-gyp-build": "^4.8.0"
      },
      "engines": {
        "node": "^14.21.1 || ^16.13.2 || >=18.0.0"
      }
    },
    "node_modules/tailwindcss": {
      "version": "3.4.0",
      "resolved": "https://registry.npmjs.org/tailwindcss/-/tailwindcss-3.4.0.tgz",
      "integrity": "sha512-hz7xXc6vIF1fUJmhCBMxPSTquJz2gGvAVvL8NRaCxXmEeAQc+/JQSH5UVAfzTQ2qPqGQvbFjqLRdJgxS0p+6Ig==",
      "dependencies": {
        "@alloc/quick-lru": "^5.2.0",
        "arg": "^5.0.2",
        "chokidar": "^3.5.3",
        "didyoumean": "^1.2.0",
        "dlv": "^1.1.3",
        "fast-glob": "^3.3.0",
        "glob-parent": "^6.0.2",
        "is-glob": "^4.0.3",
        "jiti": "^1.19.1",
        "lilconfig": "^2.1.0",
        "micromatch": "^4.0.5",
        "normalize-path": "^3.0.0",
        "object-hash": "^3.0.0",
        "picocolors": "^1.0.0",
        "postcss": "^8.4.31",
        "postcss-import": "^15.1.0",
        "postcss-js": "^4.0.1",
        "postcss-nested": "^6.0.1",
        "postcss-selector-parser": "^6.0.11",
        "resolve": "^1.22.2",
        "sucrase": "^3.32.0"
      },
      "bin": {
        "tailwind": "lib/cli.js",
        "tailwindcss": "lib/cli.js"
      },
      "engines": {
        "node": ">=14.0.0"
      }
    },
    "node_modules/typescript": {
      "version": "5.4.5",
      "resolved": "https://registry.npmjs.org/typescript/-/typescript-5.4.5.tgz",
      "integrity": "sha512-vcI4UpRgg81oIRUFwR0WSIHKt11nJ7SAVlYNIu+QpqeyXP+gpQJy/Z4+F0aGxSE4MqwjyXvW/TzgkLAx2AGHwQ==",
      "dev": true,
      "bin": {
        "tsc": "bin/tsc",
        "tsserver": "bin/tsserver"
      },
      "engines": {
        "node": ">=14.17"
      }
    },
    "node_modules/typeorm": {
      "version": "0.3.20",
      "resolved": "https://registry.npmjs.org/typeorm/-/typeorm-0.3.20.tgz",
      "integrity": "sha512-iOIOTTGQ6R3V6oyMx84CkuV7Hp7BQQdznrq7icWr0KKa/e5d8/BGvYjJf8aBQHFn4hWUNIptMfKXgzcMKeuWRQ==",
      "dependencies": {
        "@types/stack-utils": "^2.0.0",
        "app-root-path": "^3.1.0",
        "chalk": "^4.1.2",
        "cli-highlight": "^2.1.11",
        "glob": "^8.1.0",
        "libphonenumber-js": "^1.10.51",
        "mkdirp": "^1.0.4",
        "moment": "^2.29.4",
        "mkdirp": "^1.0.4",
        "platform": "^1.3.6",
        "reflect-metadata": "^0.1.13",
        "sha.js": "^2.4.11",
        "tslib": "^2.6.2",
        "yargs": "^17.7.2",
        "zod": "^3.21.4"
      },
      "bin": {
        "typeorm": "bin/typeorm.js"
      },
      "engines": {
        "node": ">=14"
      },
      "funding": {
        "type": "github",
        "url": "https://github.com/sponsors/typeorm"
      },
      "optionalDependencies": {
        "@types/pg": "^8.10.2",
        "better-sqlite3": "^8.6.0",
        "mongodb": "^6.0.0",
        "mysql": "^2.18.1",
        "mysql2": "^3.6.0",
        "oracledb": "^6.2.0",
        "pg": "^8.11.3",
        "pg-native": "^3.0.0",
        "pg-query-stream": "^4.5.3",
        "react-native-sqlite-storage": "^6.0.1",
        "sql.js": "^1.8.0",
        "sqlite3": "^5.1.6"
      }
    },
    "node_modules/undici-types": {
      "version": "5.26.5",
      "resolved": "https://registry.npmjs.org/undici-types/-/undici-types-5.26.5.tgz",
      "integrity": "sha512-JlCMO+ehdEIKqlFxk6IfVoAUVmgz7cU7zD/h9XZ0qzeosSHmUJVOzSQvvYSYWXkFXC+IfLKSIffhv0sVZup6pA==",
      "dev": true
    }
  }
}